# This file is autogenerated, do not edit; changes may be undone by the next 'dep ensure'.


[[projects]]
  digest = "1:7b5f09b787ee98372c5f9e99ddd4bc52ba309e49d572d2753ac9d8581aaf7b1a"
  name = "github.com/aws/aws-sdk-go"
  packages = ["."]
  pruneopts = "UT"
  revision = "bc3f534c19ffdf835e524e11f0f825b3eaf541c3"
  version = "v1.14.31"

[solve-meta]
  analyzer-name = "dep"
  analyzer-version = 1
  input-imports = ["github.com/aws/aws-sdk-go"]
  solver-name = "gps-cdcl"
  solver-version = 1
